
Microsoft Visual Studio Solution File, Format Version 12.00
# Visual Studio Version 17
VisualStudioVersion = 17.4.33205.214
MinimumVisualStudioVersion = 10.0.40219.1
Project("{FAE04EC0-301F-11D3-BF4B-00C04F79EFBC}") = "TranslationApp.Android", "TranslationApp.Android\TranslationApp.Android.csproj", "{B71C3A82-41A1-4644-BDB2-6550A9D64ACE}"
EndProject
Project("{FAE04EC0-301F-11D3-BF4B-00C04F79EFBC}") = "TranslationApp.iOS", "TranslationApp.iOS\TranslationApp.iOS.csproj", "{E593CF2A-F563-4B00-8CF4-213229977A70}"
EndProject
Project("{FAE04EC0-301F-11D3-BF4B-00C04F79EFBC}") = "TranslationApp", "TranslationApp\TranslationApp.csproj", "{B25866D9-C052-455D-B065-07701EB45834}"
EndProject
Global
	GlobalSection(SolutionConfigurationPlatforms) = preSolution
		Debug|Any CPU = Debug|Any CPU
		Debug|iPhone = Debug|iPhone
		Debug|iPhoneSimulator = Debug|iPhoneSimulator
		Release|Any CPU = Release|Any CPU
		Release|iPhone = Release|iPhone
		Release|iPhoneSimulator = Release|iPhoneSimulator
	EndGlobalSection
	GlobalSection(ProjectConfigurationPlatforms) = postSolution
		{B71C3A82-41A1-4644-BDB2-6550A9D64ACE}.Debug|Any CPU.ActiveCfg = Debug|Any CPU
		{B71C3A82-41A1-4644-BDB2-6550A9D64ACE}.Debug|Any CPU.Build.0 = Debug|Any CPU
		{B71C3A82-41A1-4644-BDB2-6550A9D64ACE}.Debug|Any CPU.Deploy.0 = Debug|Any CPU
		{B71C3A82-41A1-4644-BDB2-6550A9D64ACE}.Debug|iPhone.ActiveCfg = Debug|Any CPU
		{B71C3A82-41A1-4644-BDB2-6550A9D64ACE}.Debug|iPhone.Build.0 = Debug|Any CPU
		{B71C3A82-41A1-4644-BDB2-6550A9D64ACE}.Debug|iPhone.Deploy.0 = Debug|Any CPU
		{B71C3A82-41A1-4644-BDB2-6550A9D64ACE}.Debug|iPhoneSimulator.ActiveCfg = Debug|Any CPU
		{B71C3A82-41A1-4644-BDB2-6550A9D64ACE}.Debug|iPhoneSimulator.Build.0 = Debug|Any CPU
		{B71C3A82-41A1-4644-BDB2-6550A9D64ACE}.Debug|iPhoneSimulator.Deploy.0 = Debug|Any CPU
		{B71C3A82-41A1-4644-BDB2-6550A9D64ACE}.Release|Any CPU.ActiveCfg = Release|Any CPU
		{B71C3A82-41A1-4644-BDB2-6550A9D64ACE}.Release|Any CPU.Build.0 = Release|Any CPU
		{B71C3A82-41A1-4644-BDB2-6550A9D64ACE}.Release|Any CPU.Deploy.0 = Release|Any CPU
		{B71C3A82-41A1-4644-BDB2-6550A9D64ACE}.Release|iPhone.ActiveCfg = Release|Any CPU
		{B71C3A82-41A1-4644-BDB2-6550A9D64ACE}.Release|iPhone.Build.0 = Release|Any CPU
		{B71C3A82-41A1-4644-BDB2-6550A9D64ACE}.Release|iPhone.Deploy.0 = Release|Any CPU
		{B71C3A82-41A1-4644-BDB2-6550A9D64ACE}.Release|iPhoneSimulator.ActiveCfg = Release|Any CPU
		{B71C3A82-41A1-4644-BDB2-6550A9D64ACE}.Release|iPhoneSimulator.Build.0 = Release|Any CPU
		{B71C3A82-41A1-4644-BDB2-6550A9D64ACE}.Release|iPhoneSimulator.Deploy.0 = Release|Any CPU
		{E593CF2A-F563-4B00-8CF4-213229977A70}.Debug|Any CPU.ActiveCfg = Debug|iPhone
		{E593CF2A-F563-4B00-8CF4-213229977A70}.Debug|Any CPU.Build.0 = Debug|iPhone
		{E593CF2A-F563-4B00-8CF4-213229977A70}.Debug|Any CPU.Deploy.0 = Debug|iPhone
		{E593CF2A-F563-4B00-8CF4-213229977A70}.Debug|iPhone.ActiveCfg = Debug|iPhone
		{E593CF2A-F563-4B00-8CF4-213229977A70}.Debug|iPhone.Build.0 = Debug|iPhone
		{E593CF2A-F563-4B00-8CF4-213229977A70}.Debug|iPhone.Deploy.0 = Debug|iPhone
		{E593CF2A-F563-4B00-8CF4-213229977A70}.Debug|iPhoneSimulator.ActiveCfg = Debug|iPhoneSimulator
		{E593CF2A-F563-4B00-8CF4-213229977A70}.Debug|iPhoneSimulator.Build.0 = Debug|iPhoneSimulator
		{E593CF2A-F563-4B00-8CF4-213229977A70}.Debug|iPhoneSimulator.Deploy.0 = Debug|iPhoneSimulator
		{E593CF2A-F563-4B00-8CF4-213229977A70}.Release|Any CPU.ActiveCfg = Release|iPhoneSimulator
		{E593CF2A-F563-4B00-8CF4-213229977A70}.Release|Any CPU.Build.0 = Release|iPhoneSimulator
		{E593CF2A-F563-4B00-8CF4-213229977A70}.Release|Any CPU.Deploy.0 = Release|iPhoneSimulator
		{E593CF2A-F563-4B00-8CF4-213229977A70}.Release|iPhone.ActiveCfg = Release|iPhone
		{E593CF2A-F563-4B00-8CF4-213229977A70}.Release|iPhone.Build.0 = Release|iPhone
		{E593CF2A-F563-4B00-8CF4-213229977A70}.Release|iPhone.Deploy.0 = Release|iPhone
		{E593CF2A-F563-4B00-8CF4-213229977A70}.Release|iPhoneSimulator.ActiveCfg = Release|iPhoneSimulator
		{E593CF2A-F563-4B00-8CF4-213229977A70}.Release|iPhoneSimulator.Build.0 = Release|iPhoneSimulator
		{E593CF2A-F563-4B00-8CF4-213229977A70}.Release|iPhoneSimulator.Deploy.0 = Release|iPhoneSimulator
		{B25866D9-C052-455D-B065-07701EB45834}.Debug|Any CPU.ActiveCfg = Debug|Any CPU
		{B25866D9-C052-455D-B065-07701EB45834}.Debug|Any CPU.Build.0 = Debug|Any CPU
		{B25866D9-C052-455D-B065-07701EB45834}.Debug|Any CPU.Deploy.0 = Debug|Any CPU
		{B25866D9-C052-455D-B065-07701EB45834}.Debug|iPhone.ActiveCfg = Debug|Any CPU
		{B25866D9-C052-455D-B065-07701EB45834}.Debug|iPhone.Build.0 = Debug|Any CPU
		{B25866D9-C052-455D-B065-07701EB45834}.Debug|iPhone.Deploy.0 = Debug|Any CPU
		{B25866D9-C052-455D-B065-07701EB45834}.Debug|iPhoneSimulator.ActiveCfg = Debug|Any CPU
		{B25866D9-C052-455D-B065-07701EB45834}.Debug|iPhoneSimulator.Build.0 = Debug|Any CPU
		{B25866D9-C052-455D-B065-07701EB45834}.Debug|iPhoneSimulator.Deploy.0 = Debug|Any CPU
		{B25866D9-C052-455D-B065-07701EB45834}.Release|Any CPU.ActiveCfg = Release|Any CPU
		{B25866D9-C052-455D-B065-07701EB45834}.Release|Any CPU.Build.0 = Release|Any CPU
		{B25866D9-C052-455D-B065-07701EB45834}.Release|Any CPU.Deploy.0 = Release|Any CPU
		{B25866D9-C052-455D-B065-07701EB45834}.Release|iPhone.ActiveCfg = Release|Any CPU
		{B25866D9-C052-455D-B065-07701EB45834}.Release|iPhone.Build.0 = Release|Any CPU
		{B25866D9-C052-455D-B065-07701EB45834}.Release|iPhone.Deploy.0 = Release|Any CPU
		{B25866D9-C052-455D-B065-07701EB45834}.Release|iPhoneSimulator.ActiveCfg = Release|Any CPU
		{B25866D9-C052-455D-B065-07701EB45834}.Release|iPhoneSimulator.Build.0 = Release|Any CPU
		{B25866D9-C052-455D-B065-07701EB45834}.Release|iPhoneSimulator.Deploy.0 = Release|Any CPU
	EndGlobalSection
	GlobalSection(SolutionProperties) = preSolution
		HideSolutionNode = FALSE
	EndGlobalSection
	GlobalSection(ExtensibilityGlobals) = postSolution
		SolutionGuid = {57BA21C5-B382-4085-8E73-4CCFFC39B147}
	EndGlobalSection
EndGlobal
